<?xml version="1.0" encoding="utf-8"?>
<Project ToolsVersion="4.0" xmlns="http://schemas.microsoft.com/developer/msbuild/2003">
  <ItemGroup>
    <Filter Include="Source Files">
      <UniqueIdentifier>{4FC737F1-C7A5-4376-A066-2A32D752A2FF}</UniqueIdentifier>
      <Extensions>cpp;c;cc;cxx;def;odl;idl;hpj;bat;asm;asmx</Extensions>
    </Filter>
    <Filter Include="Header Files">
      <UniqueIdentifier>{93995380-89BD-4b04-88EB-625FBE52EBFB}</UniqueIdentifier>
      <Extensions>h;hh;hpp;hxx;hm;inl;inc;xsd</Extensions>
    </Filter>
    <Filter Include="Resource Files">
      <UniqueIdentifier>{67DA6AB6-F800-4c08-8B7A-83BB121AAD01}</UniqueIdentifier>
      <Extensions>rc;ico;cur;bmp;dlg;rc2;rct;bin;rgs;gif;jpg;jpeg;jpe;resx;tiff;tif;png;wav;mfcribbon-ms</Extensions>
    </Filter>
  </ItemGroup>
  <ItemGroup>
    <None Include="src\.gitignore" />
    <None Include="src\OPENCV_DEBUG.props" />
    <None Include="src\OPENCV_RELEASE.props" />
    <None Include="src\README.md" />
    <None Include="src\testingScript.bat">
      <Filter>Source Files</Filter>
    </None>
  </ItemGroup>
  <ItemGroup>
    <ClCompile Include="src\CHoNI.cpp">
      <Filter>Source Files</Filter>
    </ClCompile>
    <ClCompile Include="src\ConfigurationManager.cpp">
      <Filter>Source Files</Filter>
    </ClCompile>
    <ClCompile Include="src\CSIFT.cpp">
      <Filter>Source Files</Filter>
    </ClCompile>
    <ClCompile Include="src\CSPIN.cpp">
      <Filter>Source Files</Filter>
    </ClCompile>
    <ClCompile Include="src\DescriptorUtil.cpp">
      <Filter>Source Files</Filter>
    </ClCompile>
    <ClCompile Include="src\HoNC.cpp">
      <Filter>Source Files</Filter>
    </ClCompile>
    <ClCompile Include="src\HoNC3.cpp">
      <Filter>Source Files</Filter>
    </ClCompile>
    <ClCompile Include="src\HoNI.cpp">
      <Filter>Source Files</Filter>
    </ClCompile>
    <ClCompile Include="src\HoWH.cpp">
      <Filter>Source Files</Filter>
    </ClCompile>
    <ClCompile Include="src\main.cpp">
      <Filter>Source Files</Filter>
    </ClCompile>
    <ClCompile Include="src\OpponentSIFT.cpp">
      <Filter>Source Files</Filter>
    </ClCompile>
    <ClCompile Include="src\RGBSIFT.cpp">
      <Filter>Source Files</Filter>
    </ClCompile>
    <ClCompile Include="src\RGSIFT.cpp">
      <Filter>Source Files</Filter>
    </ClCompile>
    <ClCompile Include="src\ScriptData.cpp">
      <Filter>Source Files</Filter>
    </ClCompile>
    <ClCompile Include="src\SPIN.cpp">
      <Filter>Source Files</Filter>
    </ClCompile>
    <ClCompile Include="src\VanillaSIFT.cpp">
      <Filter>Source Files</Filter>
    </ClCompile>
    <ClCompile Include="src\PSIFT.cpp">
      <Filter>Source Files</Filter>
    </ClCompile>
  </ItemGroup>
  <ItemGroup>
    <ClInclude Include="src\CHoNI.h">
      <Filter>Header Files</Filter>
    </ClInclude>
    <ClInclude Include="src\ConfigurationManager.h">
      <Filter>Header Files</Filter>
    </ClInclude>
    <ClInclude Include="src\CSIFT.h">
      <Filter>Header Files</Filter>
    </ClInclude>
    <ClInclude Include="src\CSPIN.h">
      <Filter>Header Files</Filter>
    </ClInclude>
    <ClInclude Include="src\DescriptorType.h">
      <Filter>Header Files</Filter>
    </ClInclude>
    <ClInclude Include="src\DescriptorUtil.h">
      <Filter>Header Files</Filter>
    </ClInclude>
    <ClInclude Include="src\HoNC.h">
      <Filter>Header Files</Filter>
    </ClInclude>
    <ClInclude Include="src\HoNC3.h">
      <Filter>Header Files</Filter>
    </ClInclude>
    <ClInclude Include="src\HoNI.h">
      <Filter>Header Files</Filter>
    </ClInclude>
    <ClInclude Include="src\HoWH.h">
      <Filter>Header Files</Filter>
    </ClInclude>
    <ClInclude Include="src\OpponentSIFT.h">
      <Filter>Header Files</Filter>
    </ClInclude>
    <ClInclude Include="src\RGBSIFT.h">
      <Filter>Header Files</Filter>
    </ClInclude>
    <ClInclude Include="src\RGSIFT.h">
      <Filter>Header Files</Filter>
    </ClInclude>
    <ClInclude Include="src\ScriptData.h">
      <Filter>Header Files</Filter>
    </ClInclude>
    <ClInclude Include="src\SPIN.h">
      <Filter>Header Files</Filter>
    </ClInclude>
    <ClInclude Include="src\VanillaSIFT.h">
      <Filter>Header Files</Filter>
    </ClInclude>
    <ClInclude Include="src\PSIFT.h">
      <Filter>Header Files</Filter>
    </ClInclude>
  </ItemGroup>
  <ItemGroup>
    <Text Include="src\TODO.txt" />
  </ItemGroup>
</Project>